{
  "name": "solid-parameter-controls",
  "version": "0.0.5",
  "lockfileVersion": 2,
  "requires": true,
  "packages": {
    "": {
      "name": "solid-parameter-controls",
      "version": "0.0.5",
      "license": "MIT",
      "dependencies": {
        "typescript": "^4.7.3"
      },
      "devDependencies": {
        "solid-js": "^1.4.3"
      }
    },
    "node_modules/solid-js": {
      "version": "1.4.3",
      "resolved": "https://registry.npmjs.org/solid-js/-/solid-js-1.4.3.tgz",
      "integrity": "sha512-3uh2cbT4ICronIasLAxycF6SVgvqcfwFCDCzlEA9CEahn1qQg8Rw8aRGiI4O51PrHcN5aPRO9knYYRCs0PgzcQ==",
      "dev": true
    },
    "node_modules/typescript": {
      "version": "4.7.3",
      "resolved": "https://registry.npmjs.org/typescript/-/typescript-4.7.3.tgz",
      "integrity": "sha512-WOkT3XYvrpXx4vMMqlD+8R8R37fZkjyLGlxavMc4iB8lrl8L0DeTcHbYgw/v0N/z9wAFsgBhcsF0ruoySS22mA==",
      "bin": {
        "tsc": "bin/tsc",
        "tsserver": "bin/tsserver"
      },
      "engines": {
        "node": ">=4.2.0"
      }
    }
  },
  "dependencies": {
    "solid-js": {
      "version": "1.4.3",
      "resolved": "https://registry.npmjs.org/solid-js/-/solid-js-1.4.3.tgz",
      "integrity": "sha512-3uh2cbT4ICronIasLAxycF6SVgvqcfwFCDCzlEA9CEahn1qQg8Rw8aRGiI4O51PrHcN5aPRO9knYYRCs0PgzcQ==",
      "dev": true
    },
    "typescript": {
      "version": "4.7.3",
      "resolved": "https://registry.npmjs.org/typescript/-/typescript-4.7.3.tgz",
      "integrity": "sha512-WOkT3XYvrpXx4vMMqlD+8R8R37fZkjyLGlxavMc4iB8lrl8L0DeTcHbYgw/v0N/z9wAFsgBhcsF0ruoySS22mA=="
    }
  }
}
